
Microsoft Visual Studio Solution File, Format Version 12.00
# Visual Studio Version 16
VisualStudioVersion = 16.0.30804.86
MinimumVisualStudioVersion = 10.0.40219.1
Project("{FAE04EC0-301F-11D3-BF4B-00C04F79EFBC}") = "DumpImage", "DumpImage\DumpImage.csproj", "{CBD0027B-B9D3-425E-A476-37242196E201}"
EndProject
Global
	GlobalSection(SolutionConfigurationPlatforms) = preSolution
		Debug|Any CPU = Debug|Any CPU
		Release|Any CPU = Release|Any CPU
	EndGlobalSection
	GlobalSection(ProjectConfigurationPlatforms) = postSolution
		{CBD0027B-B9D3-425E-A476-37242196E201}.Debug|Any CPU.ActiveCfg = Debug|Any CPU
		{CBD0027B-B9D3-425E-A476-37242196E201}.Debug|Any CPU.Build.0 = Debug|Any CPU
		{CBD0027B-B9D3-425E-A476-37242196E201}.Release|Any CPU.ActiveCfg = Release|Any CPU
		{CBD0027B-B9D3-425E-A476-37242196E201}.Release|Any CPU.Build.0 = Release|Any CPU
	EndGlobalSection
	GlobalSection(SolutionProperties) = preSolution
		HideSolutionNode = FALSE
	EndGlobalSection
	GlobalSection(ExtensibilityGlobals) = postSolution
		SolutionGuid = {6B63F870-B689-4418-B154-9F111E71A604}
	EndGlobalSection
EndGlobal
